
Microsoft Visual Studio Solution File, Format Version 12.00
# Visual Studio 15
VisualStudioVersion = 15.0.28010.2019
MinimumVisualStudioVersion = 10.0.40219.1
Project("{8BC9CEB8-8B4A-11D0-8D11-00A0C91BC942}") = "Assert", "Assert\Assert.vcxproj", "{2675CB49-3028-43A3-A36D-C512F02C866F}"
EndProject
Global
	GlobalSection(SolutionConfigurationPlatforms) = preSolution
		Debug|x64 = Debug|x64
		Debug|x86 = Debug|x86
		Release|x64 = Release|x64
		Release|x86 = Release|x86
	EndGlobalSection
	GlobalSection(ProjectConfigurationPlatforms) = postSolution
		{2675CB49-3028-43A3-A36D-C512F02C866F}.Debug|x64.ActiveCfg = Debug|x64
		{2675CB49-3028-43A3-A36D-C512F02C866F}.Debug|x64.Build.0 = Debug|x64
		{2675CB49-3028-43A3-A36D-C512F02C866F}.Debug|x86.ActiveCfg = Debug|Win32
		{2675CB49-3028-43A3-A36D-C512F02C866F}.Debug|x86.Build.0 = Debug|Win32
		{2675CB49-3028-43A3-A36D-C512F02C866F}.Release|x64.ActiveCfg = Release|x64
		{2675CB49-3028-43A3-A36D-C512F02C866F}.Release|x64.Build.0 = Release|x64
		{2675CB49-3028-43A3-A36D-C512F02C866F}.Release|x86.ActiveCfg = Release|Win32
		{2675CB49-3028-43A3-A36D-C512F02C866F}.Release|x86.Build.0 = Release|Win32
	EndGlobalSection
	GlobalSection(SolutionProperties) = preSolution
		HideSolutionNode = FALSE
	EndGlobalSection
	GlobalSection(ExtensibilityGlobals) = postSolution
		SolutionGuid = {C7C0A0CD-F530-4B94-A46B-CF5222065889}
	EndGlobalSection
EndGlobal
